
Microsoft Visual Studio Solution File, Format Version 12.00
# Visual Studio 15
VisualStudioVersion = 15.0.27130.2024
MinimumVisualStudioVersion = 10.0.40219.1
Project("{9A19103F-16F7-4668-BE54-9A1E7A4F7556}") = "bunnies", "bunnies\bunnies.csproj", "{9611E7BC-C257-4B86-AE61-C7E1C2B74983}"
EndProject
Global
	GlobalSection(SolutionConfigurationPlatforms) = preSolution
		Debug|Any CPU = Debug|Any CPU
		Release|Any CPU = Release|Any CPU
	EndGlobalSection
	GlobalSection(ProjectConfigurationPlatforms) = postSolution
		{9611E7BC-C257-4B86-AE61-C7E1C2B74983}.Debug|Any CPU.ActiveCfg = Debug|Any CPU
		{9611E7BC-C257-4B86-AE61-C7E1C2B74983}.Debug|Any CPU.Build.0 = Debug|Any CPU
		{9611E7BC-C257-4B86-AE61-C7E1C2B74983}.Release|Any CPU.ActiveCfg = Release|Any CPU
		{9611E7BC-C257-4B86-AE61-C7E1C2B74983}.Release|Any CPU.Build.0 = Release|Any CPU
	EndGlobalSection
	GlobalSection(SolutionProperties) = preSolution
		HideSolutionNode = FALSE
	EndGlobalSection
	GlobalSection(ExtensibilityGlobals) = postSolution
		SolutionGuid = {CD0DBFA9-783C-4445-9A59-8A1168A6CAEE}
	EndGlobalSection
EndGlobal
